PODS:
  - Alamofire (5.6.4)
  - SkeletonView (1.30.4)
  - SnapKit (5.6.0)

DEPENDENCIES:
  - Alamofire
  - SkeletonView
  - SnapKit

SPEC REPOS:
  trunk:
    - Alamofire
    - SkeletonView
    - SnapKit

SPEC CHECKSUMS:
  Alamofire: 4e95d97098eacb88856099c4fc79b526a299e48c
  SkeletonView: 5a050f6411e697abd4cda0a8d767013399dccd69
  SnapKit: e01d52ebb8ddbc333eefe2132acf85c8227d9c25

PODFILE CHECKSUM: d0d8ea91f78abf7d77e6fe3e9e9cc5791fc9f405

COCOAPODS: 1.11.3
